# generated by rye
# use `rye lock` or `rye sync` to update this lockfile
#
# last locked with the following flags:
#   pre: false
#   features: []
#   all-features: false
#   with-sources: false
#   generate-hashes: false

-e file:.
click==8.1.7
    # via geomet
geomet==0.2.1.post1
    # via scylla-driver
psycopg2==2.9.9
    # via postgre-scylla-migration
python-dotenv==1.0.1
    # via postgre-scylla-migration
pyyaml==6.0.1
    # via scylla-driver
ruff==0.5.0
    # via postgre-scylla-migration
scylla-driver==3.26.9
    # via postgre-scylla-migration
six==1.16.0
    # via geomet
    # via scylla-driver
